
Microsoft Visual Studio Solution File, Format Version 12.00
# Visual Studio 2012
Project("{FAE04EC0-301F-11D3-BF4B-00C04F79EFBC}") = "Nop.Plugin.Feed.GoogleShoppingAdvanced", "Nop.Plugin.Feed.GoogleShoppingAdvanced.csproj", "{A235CF5C-FAB0-4198-B1A5-CF54E4A58278}"
EndProject
Global
	GlobalSection(SolutionConfigurationPlatforms) = preSolution
		Debug|Any CPU = Debug|Any CPU
		Release|Any CPU = Release|Any CPU
	EndGlobalSection
	GlobalSection(ProjectConfigurationPlatforms) = postSolution
		{A235CF5C-FAB0-4198-B1A5-CF54E4A58278}.Debug|Any CPU.ActiveCfg = Debug|Any CPU
		{A235CF5C-FAB0-4198-B1A5-CF54E4A58278}.Debug|Any CPU.Build.0 = Debug|Any CPU
		{A235CF5C-FAB0-4198-B1A5-CF54E4A58278}.Release|Any CPU.ActiveCfg = Release|Any CPU
		{A235CF5C-FAB0-4198-B1A5-CF54E4A58278}.Release|Any CPU.Build.0 = Release|Any CPU
	EndGlobalSection
	GlobalSection(SolutionProperties) = preSolution
		HideSolutionNode = FALSE
	EndGlobalSection
EndGlobal
